
Microsoft Visual Studio Solution File, Format Version 12.00
# Visual Studio Version 17
VisualStudioVersion = 17.3.32825.248
MinimumVisualStudioVersion = 10.0.40219.1
Project("{8BC9CEB8-8B4A-11D0-8D11-00A0C91BC942}") = "LavWorkNumber5", "LavWorkNumber5\LavWorkNumber5.vcxproj", "{669D950C-80ED-42C1-B940-AB41859F0254}"
EndProject
Global
	GlobalSection(SolutionConfigurationPlatforms) = preSolution
		Debug|x64 = Debug|x64
		Debug|x86 = Debug|x86
		Release|x64 = Release|x64
		Release|x86 = Release|x86
	EndGlobalSection
	GlobalSection(ProjectConfigurationPlatforms) = postSolution
		{669D950C-80ED-42C1-B940-AB41859F0254}.Debug|x64.ActiveCfg = Debug|x64
		{669D950C-80ED-42C1-B940-AB41859F0254}.Debug|x64.Build.0 = Debug|x64
		{669D950C-80ED-42C1-B940-AB41859F0254}.Debug|x86.ActiveCfg = Debug|Win32
		{669D950C-80ED-42C1-B940-AB41859F0254}.Debug|x86.Build.0 = Debug|Win32
		{669D950C-80ED-42C1-B940-AB41859F0254}.Release|x64.ActiveCfg = Release|x64
		{669D950C-80ED-42C1-B940-AB41859F0254}.Release|x64.Build.0 = Release|x64
		{669D950C-80ED-42C1-B940-AB41859F0254}.Release|x86.ActiveCfg = Release|Win32
		{669D950C-80ED-42C1-B940-AB41859F0254}.Release|x86.Build.0 = Release|Win32
	EndGlobalSection
	GlobalSection(SolutionProperties) = preSolution
		HideSolutionNode = FALSE
	EndGlobalSection
	GlobalSection(ExtensibilityGlobals) = postSolution
		SolutionGuid = {279B5355-FB01-40F1-9E9E-1F2503771457}
	EndGlobalSection
EndGlobal
